{
  "name": "mina-payouts",
  "version": "1.0.0",
  "lockfileVersion": 2,
  "requires": true,
  "packages": {
    "": {
      "name": "mina-payouts",
      "version": "1.0.0",
      "license": "MIT",
      "dependencies": {
        "console-table-printer": "^2.9.0",
        "node-fetch": "^2.6.1"
      }
    },
    "node_modules/console-table-printer": {
      "version": "2.9.0",
      "resolved": "https://registry.npmjs.org/console-table-printer/-/console-table-printer-2.9.0.tgz",
      "integrity": "sha512-20o73riqnclLYJt5ggNqP2ZjtgL5OxJPWzTVi3LyVFVtubMH0XN+oOn9outL1XI5ldJgPcjdMAWc92vRscHAKA==",
      "dependencies": {
        "simple-wcswidth": "^1.0.1"
      }
    },
    "node_modules/node-fetch": {
      "version": "2.6.1",
      "resolved": "https://registry.npmjs.org/node-fetch/-/node-fetch-2.6.1.tgz",
      "integrity": "sha512-V4aYg89jEoVRxRb2fJdAg8FHvI7cEyYdVAh94HH0UIK8oJxUfkjlDQN9RbMx+bEjP7+ggMiFRprSti032Oipxw==",
      "engines": {
        "node": "4.x || >=6.0.0"
      }
    },
    "node_modules/simple-wcswidth": {
      "version": "1.0.1",
      "resolved": "https://registry.npmjs.org/simple-wcswidth/-/simple-wcswidth-1.0.1.tgz",
      "integrity": "sha512-xMO/8eNREtaROt7tJvWJqHBDTMFN4eiQ5I4JRMuilwfnFcV5W9u7RUkueNkdw0jPqGMX36iCywelS5yilTuOxg=="
    }
  },
  "dependencies": {
    "console-table-printer": {
      "version": "2.9.0",
      "resolved": "https://registry.npmjs.org/console-table-printer/-/console-table-printer-2.9.0.tgz",
      "integrity": "sha512-20o73riqnclLYJt5ggNqP2ZjtgL5OxJPWzTVi3LyVFVtubMH0XN+oOn9outL1XI5ldJgPcjdMAWc92vRscHAKA==",
      "requires": {
        "simple-wcswidth": "^1.0.1"
      }
    },
    "node-fetch": {
      "version": "2.6.1",
      "resolved": "https://registry.npmjs.org/node-fetch/-/node-fetch-2.6.1.tgz",
      "integrity": "sha512-V4aYg89jEoVRxRb2fJdAg8FHvI7cEyYdVAh94HH0UIK8oJxUfkjlDQN9RbMx+bEjP7+ggMiFRprSti032Oipxw=="
    },
    "simple-wcswidth": {
      "version": "1.0.1",
      "resolved": "https://registry.npmjs.org/simple-wcswidth/-/simple-wcswidth-1.0.1.tgz",
      "integrity": "sha512-xMO/8eNREtaROt7tJvWJqHBDTMFN4eiQ5I4JRMuilwfnFcV5W9u7RUkueNkdw0jPqGMX36iCywelS5yilTuOxg=="
    }
  }
}
